
Microsoft Visual Studio Solution File, Format Version 12.00
# Visual Studio Version 16
VisualStudioVersion = 16.0.32602.291
MinimumVisualStudioVersion = 10.0.40219.1
Project("{9A19103F-16F7-4668-BE54-9A1E7A4F7556}") = "JewelryShop", "JewelryShop\JewelryShop.csproj", "{A6A1D36F-54AD-475F-A26E-48167075F2DC}"
EndProject
Global
	GlobalSection(SolutionConfigurationPlatforms) = preSolution
		Debug|Any CPU = Debug|Any CPU
		Release|Any CPU = Release|Any CPU
	EndGlobalSection
	GlobalSection(ProjectConfigurationPlatforms) = postSolution
		{A6A1D36F-54AD-475F-A26E-48167075F2DC}.Debug|Any CPU.ActiveCfg = Debug|Any CPU
		{A6A1D36F-54AD-475F-A26E-48167075F2DC}.Debug|Any CPU.Build.0 = Debug|Any CPU
		{A6A1D36F-54AD-475F-A26E-48167075F2DC}.Release|Any CPU.ActiveCfg = Release|Any CPU
		{A6A1D36F-54AD-475F-A26E-48167075F2DC}.Release|Any CPU.Build.0 = Release|Any CPU
	EndGlobalSection
	GlobalSection(SolutionProperties) = preSolution
		HideSolutionNode = FALSE
	EndGlobalSection
	GlobalSection(ExtensibilityGlobals) = postSolution
		SolutionGuid = {6D3F92AC-3D29-4DF2-B0AA-FF0C8C5730E6}
	EndGlobalSection
EndGlobal
